
Microsoft Visual Studio Solution File, Format Version 12.00
# Visual Studio Version 17
VisualStudioVersion = 17.14.36414.22 d17.14
MinimumVisualStudioVersion = 10.0.40219.1
Project("{FAE04EC0-301F-11D3-BF4B-00C04F79EFBC}") = "Latihan1_Menentukan Bilangan Ganjil atau Genap", "Latihan1_Menentukan Bilangan Ganjil atau Genap.csproj", "{B4C41C57-F0E6-4361-BA43-A36A1063485C}"
EndProject
Global
	GlobalSection(SolutionConfigurationPlatforms) = preSolution
		Debug|Any CPU = Debug|Any CPU
		Release|Any CPU = Release|Any CPU
	EndGlobalSection
	GlobalSection(ProjectConfigurationPlatforms) = postSolution
		{B4C41C57-F0E6-4361-BA43-A36A1063485C}.Debug|Any CPU.ActiveCfg = Debug|Any CPU
		{B4C41C57-F0E6-4361-BA43-A36A1063485C}.Debug|Any CPU.Build.0 = Debug|Any CPU
		{B4C41C57-F0E6-4361-BA43-A36A1063485C}.Release|Any CPU.ActiveCfg = Release|Any CPU
		{B4C41C57-F0E6-4361-BA43-A36A1063485C}.Release|Any CPU.Build.0 = Release|Any CPU
	EndGlobalSection
	GlobalSection(SolutionProperties) = preSolution
		HideSolutionNode = FALSE
	EndGlobalSection
	GlobalSection(ExtensibilityGlobals) = postSolution
		SolutionGuid = {7553BDD5-8067-4399-B19B-846357050B66}
	EndGlobalSection
EndGlobal
