
Microsoft Visual Studio Solution File, Format Version 12.00
# Visual Studio Version 17
VisualStudioVersion = 17.14.36414.22 d17.14
MinimumVisualStudioVersion = 10.0.40219.1
Project("{FAE04EC0-301F-11D3-BF4B-00C04F79EFBC}") = "Latihan2_Menentukan Kategori Suhu", "Latihan2_Menentukan Kategori Suhu.csproj", "{319B53CE-8922-48A2-A499-2881B08A882A}"
EndProject
Global
	GlobalSection(SolutionConfigurationPlatforms) = preSolution
		Debug|Any CPU = Debug|Any CPU
		Release|Any CPU = Release|Any CPU
	EndGlobalSection
	GlobalSection(ProjectConfigurationPlatforms) = postSolution
		{319B53CE-8922-48A2-A499-2881B08A882A}.Debug|Any CPU.ActiveCfg = Debug|Any CPU
		{319B53CE-8922-48A2-A499-2881B08A882A}.Debug|Any CPU.Build.0 = Debug|Any CPU
		{319B53CE-8922-48A2-A499-2881B08A882A}.Release|Any CPU.ActiveCfg = Release|Any CPU
		{319B53CE-8922-48A2-A499-2881B08A882A}.Release|Any CPU.Build.0 = Release|Any CPU
	EndGlobalSection
	GlobalSection(SolutionProperties) = preSolution
		HideSolutionNode = FALSE
	EndGlobalSection
	GlobalSection(ExtensibilityGlobals) = postSolution
		SolutionGuid = {3A66F2A1-ECB6-4507-BC63-FE53C1757D05}
	EndGlobalSection
EndGlobal
